
Microsoft Visual Studio Solution File, Format Version 12.00
# Visual Studio Version 16
VisualStudioVersion = 16.0.30320.27
MinimumVisualStudioVersion = 10.0.40219.1
Project("{FAE04EC0-301F-11D3-BF4B-00C04F79EFBC}") = "Lesson2", "Lesson2\Lesson2.csproj", "{B4547D96-6EA0-4BDF-B679-19283D9F7CC3}"
EndProject
Global
	GlobalSection(SolutionConfigurationPlatforms) = preSolution
		Debug|Any CPU = Debug|Any CPU
		Release|Any CPU = Release|Any CPU
	EndGlobalSection
	GlobalSection(ProjectConfigurationPlatforms) = postSolution
		{B4547D96-6EA0-4BDF-B679-19283D9F7CC3}.Debug|Any CPU.ActiveCfg = Debug|Any CPU
		{B4547D96-6EA0-4BDF-B679-19283D9F7CC3}.Debug|Any CPU.Build.0 = Debug|Any CPU
		{B4547D96-6EA0-4BDF-B679-19283D9F7CC3}.Release|Any CPU.ActiveCfg = Release|Any CPU
		{B4547D96-6EA0-4BDF-B679-19283D9F7CC3}.Release|Any CPU.Build.0 = Release|Any CPU
	EndGlobalSection
	GlobalSection(SolutionProperties) = preSolution
		HideSolutionNode = FALSE
	EndGlobalSection
	GlobalSection(ExtensibilityGlobals) = postSolution
		SolutionGuid = {6CFDD915-5126-4777-9F82-BC49C5AAD019}
	EndGlobalSection
EndGlobal
